
Microsoft Visual Studio Solution File, Format Version 12.00
# Visual Studio Version 17
VisualStudioVersion = 17.8.34330.188
MinimumVisualStudioVersion = 10.0.40219.1
Project("{FAE04EC0-301F-11D3-BF4B-00C04F79EFBC}") = "ArmyBuilderDataBasePopulator", "ArmyBuilderDataBasePopulator.csproj", "{A1A25924-3816-47B9-84AC-B0B25DD71A38}"
EndProject
Global
	GlobalSection(SolutionConfigurationPlatforms) = preSolution
		Debug|Any CPU = Debug|Any CPU
		Release|Any CPU = Release|Any CPU
	EndGlobalSection
	GlobalSection(ProjectConfigurationPlatforms) = postSolution
		{A1A25924-3816-47B9-84AC-B0B25DD71A38}.Debug|Any CPU.ActiveCfg = Debug|Any CPU
		{A1A25924-3816-47B9-84AC-B0B25DD71A38}.Debug|Any CPU.Build.0 = Debug|Any CPU
		{A1A25924-3816-47B9-84AC-B0B25DD71A38}.Release|Any CPU.ActiveCfg = Release|Any CPU
		{A1A25924-3816-47B9-84AC-B0B25DD71A38}.Release|Any CPU.Build.0 = Release|Any CPU
	EndGlobalSection
	GlobalSection(SolutionProperties) = preSolution
		HideSolutionNode = FALSE
	EndGlobalSection
	GlobalSection(ExtensibilityGlobals) = postSolution
		SolutionGuid = {8DEE0158-6C37-47CD-A894-1FA63D9EC926}
	EndGlobalSection
EndGlobal
